
Microsoft Visual Studio Solution File, Format Version 12.00
# Visual Studio 15
VisualStudioVersion = 15.0.26124.0
MinimumVisualStudioVersion = 15.0.26124.0
Project("{FAE04EC0-301F-11D3-BF4B-00C04F79EFBC}") = "apilocadora", "apilocadora\apilocadora.csproj", "{A3FB0DCA-21F4-4A6B-A2A6-CA6E0DE889D9}"
EndProject
Project("{FAE04EC0-301F-11D3-BF4B-00C04F79EFBC}") = "apilocadora.tests", "apilocadora.tests\apilocadora.tests.csproj", "{B2C7A64A-926B-4E45-974E-6322B63CB992}"
EndProject
Global
	GlobalSection(SolutionConfigurationPlatforms) = preSolution
		Debug|Any CPU = Debug|Any CPU
		Debug|x64 = Debug|x64
		Debug|x86 = Debug|x86
		Release|Any CPU = Release|Any CPU
		Release|x64 = Release|x64
		Release|x86 = Release|x86
	EndGlobalSection
	GlobalSection(SolutionProperties) = preSolution
		HideSolutionNode = FALSE
	EndGlobalSection
	GlobalSection(ProjectConfigurationPlatforms) = postSolution
		{A3FB0DCA-21F4-4A6B-A2A6-CA6E0DE889D9}.Debug|Any CPU.ActiveCfg = Debug|Any CPU
		{A3FB0DCA-21F4-4A6B-A2A6-CA6E0DE889D9}.Debug|Any CPU.Build.0 = Debug|Any CPU
		{A3FB0DCA-21F4-4A6B-A2A6-CA6E0DE889D9}.Debug|x64.ActiveCfg = Debug|Any CPU
		{A3FB0DCA-21F4-4A6B-A2A6-CA6E0DE889D9}.Debug|x64.Build.0 = Debug|Any CPU
		{A3FB0DCA-21F4-4A6B-A2A6-CA6E0DE889D9}.Debug|x86.ActiveCfg = Debug|Any CPU
		{A3FB0DCA-21F4-4A6B-A2A6-CA6E0DE889D9}.Debug|x86.Build.0 = Debug|Any CPU
		{A3FB0DCA-21F4-4A6B-A2A6-CA6E0DE889D9}.Release|Any CPU.ActiveCfg = Release|Any CPU
		{A3FB0DCA-21F4-4A6B-A2A6-CA6E0DE889D9}.Release|Any CPU.Build.0 = Release|Any CPU
		{A3FB0DCA-21F4-4A6B-A2A6-CA6E0DE889D9}.Release|x64.ActiveCfg = Release|Any CPU
		{A3FB0DCA-21F4-4A6B-A2A6-CA6E0DE889D9}.Release|x64.Build.0 = Release|Any CPU
		{A3FB0DCA-21F4-4A6B-A2A6-CA6E0DE889D9}.Release|x86.ActiveCfg = Release|Any CPU
		{A3FB0DCA-21F4-4A6B-A2A6-CA6E0DE889D9}.Release|x86.Build.0 = Release|Any CPU
		{B2C7A64A-926B-4E45-974E-6322B63CB992}.Debug|Any CPU.ActiveCfg = Debug|Any CPU
		{B2C7A64A-926B-4E45-974E-6322B63CB992}.Debug|Any CPU.Build.0 = Debug|Any CPU
		{B2C7A64A-926B-4E45-974E-6322B63CB992}.Debug|x64.ActiveCfg = Debug|Any CPU
		{B2C7A64A-926B-4E45-974E-6322B63CB992}.Debug|x64.Build.0 = Debug|Any CPU
		{B2C7A64A-926B-4E45-974E-6322B63CB992}.Debug|x86.ActiveCfg = Debug|Any CPU
		{B2C7A64A-926B-4E45-974E-6322B63CB992}.Debug|x86.Build.0 = Debug|Any CPU
		{B2C7A64A-926B-4E45-974E-6322B63CB992}.Release|Any CPU.ActiveCfg = Release|Any CPU
		{B2C7A64A-926B-4E45-974E-6322B63CB992}.Release|Any CPU.Build.0 = Release|Any CPU
		{B2C7A64A-926B-4E45-974E-6322B63CB992}.Release|x64.ActiveCfg = Release|Any CPU
		{B2C7A64A-926B-4E45-974E-6322B63CB992}.Release|x64.Build.0 = Release|Any CPU
		{B2C7A64A-926B-4E45-974E-6322B63CB992}.Release|x86.ActiveCfg = Release|Any CPU
		{B2C7A64A-926B-4E45-974E-6322B63CB992}.Release|x86.Build.0 = Release|Any CPU
	EndGlobalSection
EndGlobal
